
Microsoft Visual Studio Solution File, Format Version 12.00
# Visual Studio Version 17
VisualStudioVersion = 17.0.31912.275
MinimumVisualStudioVersion = 10.0.40219.1
Project("{9A19103F-16F7-4668-BE54-9A1E7A4F7556}") = "D2RMuler", "D2RMuler.csproj", "{781ED327-0DE2-4575-8DCE-31D25FD4428E}"
EndProject
Global
	GlobalSection(SolutionConfigurationPlatforms) = preSolution
		Debug|Any CPU = Debug|Any CPU
		Release|Any CPU = Release|Any CPU
	EndGlobalSection
	GlobalSection(ProjectConfigurationPlatforms) = postSolution
		{781ED327-0DE2-4575-8DCE-31D25FD4428E}.Debug|Any CPU.ActiveCfg = Debug|Any CPU
		{781ED327-0DE2-4575-8DCE-31D25FD4428E}.Debug|Any CPU.Build.0 = Debug|Any CPU
		{781ED327-0DE2-4575-8DCE-31D25FD4428E}.Release|Any CPU.ActiveCfg = Release|Any CPU
		{781ED327-0DE2-4575-8DCE-31D25FD4428E}.Release|Any CPU.Build.0 = Release|Any CPU
	EndGlobalSection
	GlobalSection(SolutionProperties) = preSolution
		HideSolutionNode = FALSE
	EndGlobalSection
	GlobalSection(ExtensibilityGlobals) = postSolution
		SolutionGuid = {C6DBDEAB-CEB8-4CB0-B09E-4F42B0FF661E}
	EndGlobalSection
EndGlobal
